// !$*UTF8*$!
{
	archiveVersion = 1;
	classes = {
	};
	objectVersion = 46;
	objects = {

/* Begin PBXBuildFile section */
		3D6C62E019B9213B00A8849A /* SwiftPaletteViewController.swift in Sources */ = {isa = PBXBuildFile; fileRef = 3D6C62DF19B9213B00A8849A /* SwiftPaletteViewController.swift */; };
		3D8DB92719B53E5600505DBB /* ColorViewController.m in Sources */ = {isa = PBXBuildFile; fileRef = 3D8DB92619B53E5600505DBB /* ColorViewController.m */; };
		3DCD0DF619B4DBEE0060FAFC /* main.m in Sources */ = {isa = PBXBuildFile; fileRef = 3DCD0DF519B4DBEE0060FAFC /* main.m */; };
		3DCD0DF919B4DBEE0060FAFC /* AppDelegate.m in Sources */ = {isa = PBXBuildFile; fileRef = 3DCD0DF819B4DBEE0060FAFC /* AppDelegate.m */; };
		3DCD0E0119B4DBEE0060FAFC /* Images.xcassets in Resources */ = {isa = PBXBuildFile; fileRef = 3DCD0E0019B4DBEE0060FAFC /* Images.xcassets */; };
		3DCD0E0D19B4DBEE0060FAFC /* ColorboardTests.m in Sources */ = {isa = PBXBuildFile; fileRef = 3DCD0E0C19B4DBEE0060FAFC /* ColorboardTests.m */; };
		3DCD0E1719B4DC3B0060FAFC /* Colorboard.storyboard in Resources */ = {isa = PBXBuildFile; fileRef = 3DCD0E1619B4DC3B0060FAFC /* Colorboard.storyboard */; };
		3DE06CE319B9D0D20049A41E /* PaletteViewController.m in Sources */ = {isa = PBXBuildFile; fileRef = 3DE06CE219B9D0D20049A41E /* PaletteViewController.m */; };
		3DE06CE819BA81C30049A41E /* ColorDescription.m in Sources */ = {isa = PBXBuildFile; fileRef = 3DE06CE719BA81C30049A41E /* ColorDescription.m */; };
/* End PBXBuildFile section */

/* Begin PBXContainerItemProxy section */
		3DCD0E0719B4DBEE0060FAFC /* PBXContainerItemProxy */ = {
			isa = PBXContainerItemProxy;
			containerPortal = 3DCD0DE819B4DBEE0060FAFC /* Project object */;
			proxyType = 1;
			remoteGlobalIDString = 3DCD0DEF19B4DBEE0060FAFC;
			remoteInfo = Colorboard;
		};
/* End PBXContainerItemProxy section */

/* Begin PBXFileReference section */
		3D6C62DE19B9213B00A8849A /* Colorboard-Bridging-Header.h */ = {isa = PBXFileReference; lastKnownFileType = sourcecode.c.h; path = "Colorboard-Bridging-Header.h"; sourceTree = "<group>"; };
		3D6C62DF19B9213B00A8849A /* SwiftPaletteViewController.swift */ = {isa = PBXFileReference; fileEncoding = 4; lastKnownFileType = sourcecode.swift; path = SwiftPaletteViewController.swift; sourceTree = "<group>"; };
		3D8DB92519B53E5600505DBB /* ColorViewController.h */ = {isa = PBXFileReference; fileEncoding = 4; lastKnownFileType = sourcecode.c.h; name = ColorViewController.h; path = ../ColorViewController.h; sourceTree = "<group>"; };
		3D8DB92619B53E5600505DBB /* ColorViewController.m */ = {isa = PBXFileReference; fileEncoding = 4; lastKnownFileType = sourcecode.c.objc; name = ColorViewController.m; path = ../ColorViewController.m; sourceTree = "<group>"; };
		3DCD0DF019B4DBEE0060FAFC /* Colorboard.app */ = {isa = PBXFileReference; explicitFileType = wrapper.application; includeInIndex = 0; path = Colorboard.app; sourceTree = BUILT_PRODUCTS_DIR; };
		3DCD0DF419B4DBEE0060FAFC /* Info.plist */ = {isa = PBXFileReference; lastKnownFileType = text.plist.xml; path = Info.plist; sourceTree = "<group>"; };
		3DCD0DF519B4DBEE0060FAFC /* main.m */ = {isa = PBXFileReference; lastKnownFileType = sourcecode.c.objc; path = main.m; sourceTree = "<group>"; };
		3DCD0DF719B4DBEE0060FAFC /* AppDelegate.h */ = {isa = PBXFileReference; lastKnownFileType = sourcecode.c.h; path = AppDelegate.h; sourceTree = "<group>"; };
		3DCD0DF819B4DBEE0060FAFC /* AppDelegate.m */ = {isa = PBXFileReference; lastKnownFileType = sourcecode.c.objc; path = AppDelegate.m; sourceTree = "<group>"; };
		3DCD0E0019B4DBEE0060FAFC /* Images.xcassets */ = {isa = PBXFileReference; lastKnownFileType = folder.assetcatalog; path = Images.xcassets; sourceTree = "<group>"; };
		3DCD0E0619B4DBEE0060FAFC /* ColorboardTests.xctest */ = {isa = PBXFileReference; explicitFileType = wrapper.cfbundle; includeInIndex = 0; path = ColorboardTests.xctest; sourceTree = BUILT_PRODUCTS_DIR; };
		3DCD0E0B19B4DBEE0060FAFC /* Info.plist */ = {isa = PBXFileReference; lastKnownFileType = text.plist.xml; path = Info.plist; sourceTree = "<group>"; };
		3DCD0E0C19B4DBEE0060FAFC /* ColorboardTests.m */ = {isa = PBXFileReference; lastKnownFileType = sourcecode.c.objc; path = ColorboardTests.m; sourceTree = "<group>"; };
		3DCD0E1619B4DC3B0060FAFC /* Colorboard.storyboard */ = {isa = PBXFileReference; fileEncoding = 4; lastKnownFileType = file.storyboard; path = Colorboard.storyboard; sourceTree = SOURCE_ROOT; };
		3DE06CE119B9D0D20049A41E /* PaletteViewController.h */ = {isa = PBXFileReference; fileEncoding = 4; lastKnownFileType = sourcecode.c.h; path = PaletteViewController.h; sourceTree = "<group>"; };
		3DE06CE219B9D0D20049A41E /* PaletteViewController.m */ = {isa = PBXFileReference; fileEncoding = 4; lastKnownFileType = sourcecode.c.objc; path = PaletteViewController.m; sourceTree = "<group>"; };
		3DE06CE619BA81C30049A41E /* ColorDescription.h */ = {isa = PBXFileReference; fileEncoding = 4; lastKnownFileType = sourcecode.c.h; path = ColorDescription.h; sourceTree = "<group>"; };
		3DE06CE719BA81C30049A41E /* ColorDescription.m */ = {isa = PBXFileReference; fileEncoding = 4; lastKnownFileType = sourcecode.c.objc; path = ColorDescription.m; sourceTree = "<group>"; };
/* End PBXFileReference section */

/* Begin PBXFrameworksBuildPhase section */
		3DCD0DED19B4DBEE0060FAFC /* Frameworks */ = {
			isa = PBXFrameworksBuildPhase;
			buildActionMask = 2147483647;
			files = (
			);
			runOnlyForDeploymentPostprocessing = 0;
		};
		3DCD0E0319B4DBEE0060FAFC /* Frameworks */ = {
			isa = PBXFrameworksBuildPhase;
			buildActionMask = 2147483647;
			files = (
			);
			runOnlyForDeploymentPostprocessing = 0;
		};
/* End PBXFrameworksBuildPhase section */

/* Begin PBXGroup section */
		3DCD0DE719B4DBEE0060FAFC = {
			isa = PBXGroup;
			children = (
				3DCD0DF219B4DBEE0060FAFC /* Colorboard */,
				3DCD0E0919B4DBEE0060FAFC /* ColorboardTests */,
				3DCD0DF119B4DBEE0060FAFC /* Products */,
			);
			sourceTree = "<group>";
		};
		3DCD0DF119B4DBEE0060FAFC /* Products */ = {
			isa = PBXGroup;
			children = (
				3DCD0DF019B4DBEE0060FAFC /* Colorboard.app */,
				3DCD0E0619B4DBEE0060FAFC /* ColorboardTests.xctest */,
			);
			name = Products;
			sourceTree = "<group>";
		};
		3DCD0DF219B4DBEE0060FAFC /* Colorboard */ = {
			isa = PBXGroup;
			children = (
				3DCD0DF719B4DBEE0060FAFC /* AppDelegate.h */,
				3DCD0DF819B4DBEE0060FAFC /* AppDelegate.m */,
				3DCD0E1619B4DC3B0060FAFC /* Colorboard.storyboard */,
				3D8DB92519B53E5600505DBB /* ColorViewController.h */,
				3D8DB92619B53E5600505DBB /* ColorViewController.m */,
				3DE06CE119B9D0D20049A41E /* PaletteViewController.h */,
				3DE06CE219B9D0D20049A41E /* PaletteViewController.m */,
				3DE06CE619BA81C30049A41E /* ColorDescription.h */,
				3DE06CE719BA81C30049A41E /* ColorDescription.m */,
				3D6C62DF19B9213B00A8849A /* SwiftPaletteViewController.swift */,
				3DCD0E0019B4DBEE0060FAFC /* Images.xcassets */,
				3DCD0DF319B4DBEE0060FAFC /* Supporting Files */,
				3D6C62DE19B9213B00A8849A /* Colorboard-Bridging-Header.h */,
			);
			path = Colorboard;
			sourceTree = "<group>";
		};
		3DCD0DF319B4DBEE0060FAFC /* Supporting Files */ = {
			isa = PBXGroup;
			children = (
				3DCD0DF419B4DBEE0060FAFC /* Info.plist */,
				3DCD0DF519B4DBEE0060FAFC /* main.m */,
			);
			name = "Supporting Files";
			sourceTree = "<group>";
		};
		3DCD0E0919B4DBEE0060FAFC /* ColorboardTests */ = {
			isa = PBXGroup;
			children = (
				3DCD0E0C19B4DBEE0060FAFC /* ColorboardTests.m */,
				3DCD0E0A19B4DBEE0060FAFC /* Supporting Files */,
			);
			path = ColorboardTests;
			sourceTree = "<group>";
		};
		3DCD0E0A19B4DBEE0060FAFC /* Supporting Files */ = {
			isa = PBXGroup;
			children = (
				3DCD0E0B19B4DBEE0060FAFC /* Info.plist */,
			);
			name = "Supporting Files";
			sourceTree = "<group>";
		};
/* End PBXGroup section */

/* Begin PBXNativeTarget section */
		3DCD0DEF19B4DBEE0060FAFC /* Colorboard */ = {
			isa = PBXNativeTarget;
			buildConfigurationList = 3DCD0E1019B4DBEE0060FAFC /* Build configuration list for PBXNativeTarget "Colorboard" */;
			buildPhases = (
				3DCD0DEC19B4DBEE0060FAFC /* Sources */,
				3DCD0DED19B4DBEE0060FAFC /* Frameworks */,
				3DCD0DEE19B4DBEE0060FAFC /* Resources */,
			);
			buildRules = (
			);
			dependencies = (
			);
			name = Colorboard;
			productName = Colorboard;
			productReference = 3DCD0DF019B4DBEE0060FAFC /* Colorboard.app */;
			productType = "com.apple.product-type.application";
		};
		3DCD0E0519B4DBEE0060FAFC /* ColorboardTests */ = {
			isa = PBXNativeTarget;
			buildConfigurationList = 3DCD0E1319B4DBEE0060FAFC /* Build configuration list for PBXNativeTarget "ColorboardTests" */;
			buildPhases = (
				3DCD0E0219B4DBEE0060FAFC /* Sources */,
				3DCD0E0319B4DBEE0060FAFC /* Frameworks */,
				3DCD0E0419B4DBEE0060FAFC /* Resources */,
			);
			buildRules = (
			);
			dependencies = (
				3DCD0E0819B4DBEE0060FAFC /* PBXTargetDependency */,
			);
			name = ColorboardTests;
			productName = ColorboardTests;
			productReference = 3DCD0E0619B4DBEE0060FAFC /* ColorboardTests.xctest */;
			productType = "com.apple.product-type.bundle.unit-test";
		};
/* End PBXNativeTarget section */

/* Begin PBXProject section */
		3DCD0DE819B4DBEE0060FAFC /* Project object */ = {
			isa = PBXProject;
			attributes = {
				LastSwiftMigration = 0730;
				LastSwiftUpdateCheck = 0730;
				LastUpgradeCheck = 0600;
				ORGANIZATIONNAME = "Omar Alejel";
				TargetAttributes = {
					3DCD0DEF19B4DBEE0060FAFC = {
						CreatedOnToolsVersion = 6.0;
					};
					3DCD0E0519B4DBEE0060FAFC = {
						CreatedOnToolsVersion = 6.0;
						TestTargetID = 3DCD0DEF19B4DBEE0060FAFC;
					};
				};
			};
			buildConfigurationList = 3DCD0DEB19B4DBEE0060FAFC /* Build configuration list for PBXProject "Colorboard" */;
			compatibilityVersion = "Xcode 3.2";
			developmentRegion = English;
			hasScannedForEncodings = 0;
			knownRegions = (
				en,
				Base,
			);
			mainGroup = 3DCD0DE719B4DBEE0060FAFC;
			productRefGroup = 3DCD0DF119B4DBEE0060FAFC /* Products */;
			projectDirPath = "";
			projectRoot = "";
			targets = (
				3DCD0DEF19B4DBEE0060FAFC /* Colorboard */,
				3DCD0E0519B4DBEE0060FAFC /* ColorboardTests */,
			);
		};
/* End PBXProject section */

/* Begin PBXResourcesBuildPhase section */
		3DCD0DEE19B4DBEE0060FAFC /* Resources */ = {
			isa = PBXResourcesBuildPhase;
			buildActionMask = 2147483647;
			files = (
				3DCD0E0119B4DBEE0060FAFC /* Images.xcassets in Resources */,
				3DCD0E1719B4DC3B0060FAFC /* Colorboard.storyboard in Resources */,
			);
			runOnlyForDeploymentPostprocessing = 0;
		};
		3DCD0E0419B4DBEE0060FAFC /* Resources */ = {
			isa = PBXResourcesBuildPhase;
			buildActionMask = 2147483647;
			files = (
			);
			runOnlyForDeploymentPostprocessing = 0;
		};
/* End PBXResourcesBuildPhase section */

/* Begin PBXSourcesBuildPhase section */
		3DCD0DEC19B4DBEE0060FAFC /* Sources */ = {
			isa = PBXSourcesBuildPhase;
			buildActionMask = 2147483647;
			files = (
				3D6C62E019B9213B00A8849A /* SwiftPaletteViewController.swift in Sources */,
				3DCD0DF919B4DBEE0060FAFC /* AppDelegate.m in Sources */,
				3DCD0DF619B4DBEE0060FAFC /* main.m in Sources */,
				3D8DB92719B53E5600505DBB /* ColorViewController.m in Sources */,
				3DE06CE819BA81C30049A41E /* ColorDescription.m in Sources */,
				3DE06CE319B9D0D20049A41E /* PaletteViewController.m in Sources */,
			);
			runOnlyForDeploymentPostprocessing = 0;
		};
		3DCD0E0219B4DBEE0060FAFC /* Sources */ = {
			isa = PBXSourcesBuildPhase;
			buildActionMask = 2147483647;
			files = (
				3DCD0E0D19B4DBEE0060FAFC /* ColorboardTests.m in Sources */,
			);
			runOnlyForDeploymentPostprocessing = 0;
		};
/* End PBXSourcesBuildPhase section */

/* Begin PBXTargetDependency section */
		3DCD0E0819B4DBEE0060FAFC /* PBXTargetDependency */ = {
			isa = PBXTargetDependency;
			target = 3DCD0DEF19B4DBEE0060FAFC /* Colorboard */;
			targetProxy = 3DCD0E0719B4DBEE0060FAFC /* PBXContainerItemProxy */;
		};
/* End PBXTargetDependency section */

/* Begin XCBuildConfiguration section */
		3DCD0E0E19B4DBEE0060FAFC /* Debug */ = {
			isa = XCBuildConfiguration;
			buildSettings = {
				ALWAYS_SEARCH_USER_PATHS = NO;
				CLANG_CXX_LANGUAGE_STANDARD = "gnu++0x";
				CLANG_CXX_LIBRARY = "libc++";
				CLANG_ENABLE_MODULES = YES;
				CLANG_ENABLE_OBJC_ARC = YES;
				CLANG_WARN_BOOL_CONVERSION = YES;
				CLANG_WARN_CONSTANT_CONVERSION = YES;
				CLANG_WARN_DIRECT_OBJC_ISA_USAGE = YES_ERROR;
				CLANG_WARN_EMPTY_BODY = YES;
				CLANG_WARN_ENUM_CONVERSION = YES;
				CLANG_WARN_INT_CONVERSION = YES;
				CLANG_WARN_OBJC_ROOT_CLASS = YES_ERROR;
				CLANG_WARN_UNREACHABLE_CODE = YES;
				CLANG_WARN__DUPLICATE_METHOD_MATCH = YES;
				"CODE_SIGN_IDENTITY[sdk=iphoneos*]" = "iPhone Developer";
				COPY_PHASE_STRIP = NO;
				DEFINES_MODULE = YES;
				ENABLE_STRICT_OBJC_MSGSEND = YES;
				GCC_C_LANGUAGE_STANDARD = gnu99;
				GCC_DYNAMIC_NO_PIC = NO;
				GCC_OPTIMIZATION_LEVEL = 0;
				GCC_PREPROCESSOR_DEFINITIONS = (
					"DEBUG=1",
					"$(inherited)",
				);
				GCC_SYMBOLS_PRIVATE_EXTERN = NO;
				GCC_WARN_64_TO_32_BIT_CONVERSION = YES;
				GCC_WARN_ABOUT_RETURN_TYPE = YES_ERROR;
				GCC_WARN_UNDECLARED_SELECTOR = YES;
				GCC_WARN_UNINITIALIZED_AUTOS = YES_AGGRESSIVE;
				GCC_WARN_UNUSED_FUNCTION = YES;
				GCC_WARN_UNUSED_VARIABLE = YES;
				IPHONEOS_DEPLOYMENT_TARGET = 8.0;
				MTL_ENABLE_DEBUG_INFO = YES;
				ONLY_ACTIVE_ARCH = YES;
				SDKROOT = iphoneos;
			};
			name = Debug;
		};
		3DCD0E0F19B4DBEE0060FAFC /* Release */ = {
			isa = XCBuildConfiguration;
			buildSettings = {
				ALWAYS_SEARCH_USER_PATHS = NO;
				CLANG_CXX_LANGUAGE_STANDARD = "gnu++0x";
				CLANG_CXX_LIBRARY = "libc++";
				CLANG_ENABLE_MODULES = YES;
				CLANG_ENABLE_OBJC_ARC = YES;
				CLANG_WARN_BOOL_CONVERSION = YES;
				CLANG_WARN_CONSTANT_CONVERSION = YES;
				CLANG_WARN_DIRECT_OBJC_ISA_USAGE = YES_ERROR;
				CLANG_WARN_EMPTY_BODY = YES;
				CLANG_WARN_ENUM_CONVERSION = YES;
				CLANG_WARN_INT_CONVERSION = YES;
				CLANG_WARN_OBJC_ROOT_CLASS = YES_ERROR;
				CLANG_WARN_UNREACHABLE_CODE = YES;
				CLANG_WARN__DUPLICATE_METHOD_MATCH = YES;
				"CODE_SIGN_IDENTITY[sdk=iphoneos*]" = "iPhone Developer";
				COPY_PHASE_STRIP = YES;
				DEFINES_MODULE = YES;
				ENABLE_NS_ASSERTIONS = NO;
				ENABLE_STRICT_OBJC_MSGSEND = YES;
				GCC_C_LANGUAGE_STANDARD = gnu99;
				GCC_WARN_64_TO_32_BIT_CONVERSION = YES;
				GCC_WARN_ABOUT_RETURN_TYPE = YES_ERROR;
				GCC_WARN_UNDECLARED_SELECTOR = YES;
				GCC_WARN_UNINITIALIZED_AUTOS = YES_AGGRESSIVE;
				GCC_WARN_UNUSED_FUNCTION = YES;
				GCC_WARN_UNUSED_VARIABLE = YES;
				IPHONEOS_DEPLOYMENT_TARGET = 8.0;
				MTL_ENABLE_DEBUG_INFO = NO;
				SDKROOT = iphoneos;
				VALIDATE_PRODUCT = YES;
			};
			name = Release;
		};
		3DCD0E1119B4DBEE0060FAFC /* Debug */ = {
			isa = XCBuildConfiguration;
			buildSettings = {
				ASSETCATALOG_COMPILER_APPICON_NAME = AppIcon;
				ASSETCATALOG_COMPILER_LAUNCHIMAGE_NAME = LaunchImage;
				CLANG_ENABLE_MODULES = YES;
				DEFINES_MODULE = YES;
				INFOPLIST_FILE = Colorboard/Info.plist;
				LD_RUNPATH_SEARCH_PATHS = "$(inherited) @executable_path/Frameworks";
				PRODUCT_NAME = "$(TARGET_NAME)";
				SWIFT_OBJC_BRIDGING_HEADER = "Colorboard/Colorboard-Bridging-Header.h";
				SWIFT_OPTIMIZATION_LEVEL = "-Onone";
			};
			name = Debug;
		};
		3DCD0E1219B4DBEE0060FAFC /* Release */ = {
			isa = XCBuildConfiguration;
			buildSettings = {
				ASSETCATALOG_COMPILER_APPICON_NAME = AppIcon;
				ASSETCATALOG_COMPILER_LAUNCHIMAGE_NAME = LaunchImage;
				CLANG_ENABLE_MODULES = YES;
				DEFINES_MODULE = YES;
				INFOPLIST_FILE = Colorboard/Info.plist;
				LD_RUNPATH_SEARCH_PATHS = "$(inherited) @executable_path/Frameworks";
				PRODUCT_NAME = "$(TARGET_NAME)";
				SWIFT_OBJC_BRIDGING_HEADER = "Colorboard/Colorboard-Bridging-Header.h";
			};
			name = Release;
		};
		3DCD0E1419B4DBEE0060FAFC /* Debug */ = {
			isa = XCBuildConfiguration;
			buildSettings = {
				BUNDLE_LOADER = "$(TEST_HOST)";
				FRAMEWORK_SEARCH_PATHS = (
					"$(SDKROOT)/Developer/Library/Frameworks",
					"$(inherited)",
				);
				GCC_PREPROCESSOR_DEFINITIONS = (
					"DEBUG=1",
					"$(inherited)",
				);
				INFOPLIST_FILE = ColorboardTests/Info.plist;
				LD_RUNPATH_SEARCH_PATHS = "$(inherited) @executable_path/Frameworks @loader_path/Frameworks";
				PRODUCT_NAME = "$(TARGET_NAME)";
				TEST_HOST = "$(BUILT_PRODUCTS_DIR)/Colorboard.app/Colorboard";
			};
			name = Debug;
		};
		3DCD0E1519B4DBEE0060FAFC /* Release */ = {
			isa = XCBuildConfiguration;
			buildSettings = {
				BUNDLE_LOADER = "$(TEST_HOST)";
				FRAMEWORK_SEARCH_PATHS = (
					"$(SDKROOT)/Developer/Library/Frameworks",
					"$(inherited)",
				);
				INFOPLIST_FILE = ColorboardTests/Info.plist;
				LD_RUNPATH_SEARCH_PATHS = "$(inherited) @executable_path/Frameworks @loader_path/Frameworks";
				PRODUCT_NAME = "$(TARGET_NAME)";
				TEST_HOST = "$(BUILT_PRODUCTS_DIR)/Colorboard.app/Colorboard";
			};
			name = Release;
		};
/* End XCBuildConfiguration section */

/* Begin XCConfigurationList section */
		3DCD0DEB19B4DBEE0060FAFC /* Build configuration list for PBXProject "Colorboard" */ = {
			isa = XCConfigurationList;
			buildConfigurations = (
				3DCD0E0E19B4DBEE0060FAFC /* Debug */,
				3DCD0E0F19B4DBEE0060FAFC /* Release */,
			);
			defaultConfigurationIsVisible = 0;
			defaultConfigurationName = Release;
		};
		3DCD0E1019B4DBEE0060FAFC /* Build configuration list for PBXNativeTarget "Colorboard" */ = {
			isa = XCConfigurationList;
			buildConfigurations = (
				3DCD0E1119B4DBEE0060FAFC /* Debug */,
				3DCD0E1219B4DBEE0060FAFC /* Release */,
			);
			defaultConfigurationIsVisible = 0;
			defaultConfigurationName = Release;
		};
		3DCD0E1319B4DBEE0060FAFC /* Build configuration list for PBXNativeTarget "ColorboardTests" */ = {
			isa = XCConfigurationList;
			buildConfigurations = (
				3DCD0E1419B4DBEE0060FAFC /* Debug */,
				3DCD0E1519B4DBEE0060FAFC /* Release */,
			);
			defaultConfigurationIsVisible = 0;
			defaultConfigurationName = Release;
		};
/* End XCConfigurationList section */
	};
	rootObject = 3DCD0DE819B4DBEE0060FAFC /* Project object */;
}
